
Microsoft Visual Studio Solution File, Format Version 12.00
# Visual Studio Version 17
VisualStudioVersion = 17.6.33829.357
MinimumVisualStudioVersion = 10.0.40219.1
Project("{FAE04EC0-301F-11D3-BF4B-00C04F79EFBC}") = "GMapDemo", "GMapDemo\GMapDemo.csproj", "{18B6D410-D70C-4D46-B222-4DB358F0B712}"
EndProject
Global
	GlobalSection(SolutionConfigurationPlatforms) = preSolution
		Debug|Any CPU = Debug|Any CPU
		Release|Any CPU = Release|Any CPU
	EndGlobalSection
	GlobalSection(ProjectConfigurationPlatforms) = postSolution
		{18B6D410-D70C-4D46-B222-4DB358F0B712}.Debug|Any CPU.ActiveCfg = Debug|Any CPU
		{18B6D410-D70C-4D46-B222-4DB358F0B712}.Debug|Any CPU.Build.0 = Debug|Any CPU
		{18B6D410-D70C-4D46-B222-4DB358F0B712}.Release|Any CPU.ActiveCfg = Release|Any CPU
		{18B6D410-D70C-4D46-B222-4DB358F0B712}.Release|Any CPU.Build.0 = Release|Any CPU
	EndGlobalSection
	GlobalSection(SolutionProperties) = preSolution
		HideSolutionNode = FALSE
	EndGlobalSection
	GlobalSection(ExtensibilityGlobals) = postSolution
		SolutionGuid = {74D5D7F3-30CA-422F-8938-21B9AA4F2F6C}
	EndGlobalSection
EndGlobal
